{
  "name": "07-npmtest",
  "version": "1.0.0",
  "lockfileVersion": 1,
  "requires": true,
  "dependencies": {
    "jqeury": {
      "version": "0.0.1-security",
      "resolved": "https://registry.npmjs.org/jqeury/-/jqeury-0.0.1-security.tgz",
      "integrity": "sha512-r5iGV3rjYwn27R4PjOd2/AI7kVpKmXA2zwXqH/TtLu1QustWvuR7PEfOvUrA957vO9im7/GvRx1FvkKO5OcgIA=="
    },
    "jquery": {
      "version": "3.6.0",
      "resolved": "https://registry.npmjs.org/jquery/-/jquery-3.6.0.tgz",
      "integrity": "sha512-JVzAR/AjBvVt2BmYhxRCSYysDsPcssdmTFnzyLEts9qNwmjmu4JTAMYubEfwVOSwpQ1I1sKKFcxhZCI2buerfw=="
    }
  }
}
